
Microsoft Visual Studio Solution File, Format Version 12.00
# Visual Studio Version 16
VisualStudioVersion = 16.0.31613.86
MinimumVisualStudioVersion = 10.0.40219.1
Project("{FAE04EC0-301F-11D3-BF4B-00C04F79EFBC}") = "JwtTokens", "JwtTokens.csproj", "{C7B216C5-B06F-4FA6-B48B-7980F7C1C34F}"
EndProject
Global
	GlobalSection(SolutionConfigurationPlatforms) = preSolution
		Debug|Any CPU = Debug|Any CPU
		Release|Any CPU = Release|Any CPU
	EndGlobalSection
	GlobalSection(ProjectConfigurationPlatforms) = postSolution
		{C7B216C5-B06F-4FA6-B48B-7980F7C1C34F}.Debug|Any CPU.ActiveCfg = Debug|Any CPU
		{C7B216C5-B06F-4FA6-B48B-7980F7C1C34F}.Debug|Any CPU.Build.0 = Debug|Any CPU
		{C7B216C5-B06F-4FA6-B48B-7980F7C1C34F}.Release|Any CPU.ActiveCfg = Release|Any CPU
		{C7B216C5-B06F-4FA6-B48B-7980F7C1C34F}.Release|Any CPU.Build.0 = Release|Any CPU
	EndGlobalSection
	GlobalSection(SolutionProperties) = preSolution
		HideSolutionNode = FALSE
	EndGlobalSection
	GlobalSection(ExtensibilityGlobals) = postSolution
		SolutionGuid = {59151840-E473-410B-A7EC-DA980A28098F}
	EndGlobalSection
EndGlobal
